#MicroXplorer Configuration settings - do not modify
ADC1.Channel-0\#ChannelRegularConversion=ADC_CHANNEL_11
ADC1.Channel-1\#ChannelRegularConversion=ADC_CHANNEL_11
ADC1.CommonPathInternal=null|null|null|null
ADC1.ContinuousConvMode=DISABLE
ADC1.DMAContinuousRequests=ENABLE
ADC1.EOCSelection=ADC_EOC_SEQ_CONV
ADC1.ExternalTrigConv=ADC_EXTERNALTRIG_HRTIM_TRG1
ADC1.IPParameters=Rank-0\#ChannelRegularConversion,Channel-0\#ChannelRegularConversion,SamplingTime-0\#ChannelRegularConversion,OffsetNumber-0\#ChannelRegularConversion,NbrOfConversionFlag,Rank-1\#ChannelRegularConversion,Channel-1\#ChannelRegularConversion,SamplingTime-1\#ChannelRegularConversion,OffsetNumber-1\#ChannelRegularConversion,NbrOfConversion,OversamplingMode,RightBitShift,Ratio,EOCSelection,ContinuousConvMode,DMAContinuousRequests,Overrun,ExternalTrigConv,OversamplingStopReset,master,CommonPathInternal
ADC1.NbrOfConversion=2
ADC1.NbrOfConversionFlag=1
ADC1.OffsetNumber-0\#ChannelRegularConversion=ADC_OFFSET_NONE
ADC1.OffsetNumber-1\#ChannelRegularConversion=ADC_OFFSET_NONE
ADC1.Overrun=ADC_OVR_DATA_OVERWRITTEN
ADC1.OversamplingMode=ENABLE
ADC1.OversamplingStopReset=ADC_REGOVERSAMPLING_CONTINUED_MODE
ADC1.Rank-0\#ChannelRegularConversion=1
ADC1.Rank-1\#ChannelRegularConversion=2
ADC1.Ratio=ADC_OVERSAMPLING_RATIO_16
ADC1.RightBitShift=ADC_RIGHTBITSHIFT_NONE
ADC1.SamplingTime-0\#ChannelRegularConversion=ADC_SAMPLETIME_12CYCLES_5
ADC1.SamplingTime-1\#ChannelRegularConversion=ADC_SAMPLETIME_92CYCLES_5
ADC1.master=1
ADC2.Channel-0\#ChannelRegularConversion=ADC_CHANNEL_12
ADC2.Channel-1\#ChannelRegularConversion=ADC_CHANNEL_13
ADC2.Channel-2\#ChannelRegularConversion=ADC_CHANNEL_12
ADC2.Channel-3\#ChannelRegularConversion=ADC_CHANNEL_13
ADC2.CommonPathInternal=null|null|null|null
ADC2.ContinuousConvMode=DISABLE
ADC2.DMAContinuousRequests=ENABLE
ADC2.EOCSelection=ADC_EOC_SEQ_CONV
ADC2.ExternalTrigConv=ADC_EXTERNALTRIG_HRTIM_TRG3
ADC2.IPParameters=Rank-0\#ChannelRegularConversion,Channel-0\#ChannelRegularConversion,SamplingTime-0\#ChannelRegularConversion,OffsetNumber-0\#ChannelRegularConversion,NbrOfConversionFlag,Rank-1\#ChannelRegularConversion,Channel-1\#ChannelRegularConversion,SamplingTime-1\#ChannelRegularConversion,OffsetNumber-1\#ChannelRegularConversion,NbrOfConversion,Rank-2\#ChannelRegularConversion,Channel-2\#ChannelRegularConversion,SamplingTime-2\#ChannelRegularConversion,OffsetNumber-2\#ChannelRegularConversion,Rank-3\#ChannelRegularConversion,Channel-3\#ChannelRegularConversion,SamplingTime-3\#ChannelRegularConversion,OffsetNumber-3\#ChannelRegularConversion,ExternalTrigConv,ContinuousConvMode,DMAContinuousRequests,Overrun,OversamplingMode,RightBitShift,Ratio,EOCSelection,CommonPathInternal
ADC2.NbrOfConversion=4
ADC2.NbrOfConversionFlag=1
ADC2.OffsetNumber-0\#ChannelRegularConversion=ADC_OFFSET_NONE
ADC2.OffsetNumber-1\#ChannelRegularConversion=ADC_OFFSET_NONE
ADC2.OffsetNumber-2\#ChannelRegularConversion=ADC_OFFSET_NONE
ADC2.OffsetNumber-3\#ChannelRegularConversion=ADC_OFFSET_NONE
ADC2.Overrun=ADC_OVR_DATA_OVERWRITTEN
ADC2.OversamplingMode=ENABLE
ADC2.Rank-0\#ChannelRegularConversion=1
ADC2.Rank-1\#ChannelRegularConversion=2
ADC2.Rank-2\#ChannelRegularConversion=3
ADC2.Rank-3\#ChannelRegularConversion=4
ADC2.Ratio=ADC_OVERSAMPLING_RATIO_16
ADC2.RightBitShift=ADC_RIGHTBITSHIFT_NONE
ADC2.SamplingTime-0\#ChannelRegularConversion=ADC_SAMPLETIME_12CYCLES_5
ADC2.SamplingTime-1\#ChannelRegularConversion=ADC_SAMPLETIME_92CYCLES_5
ADC2.SamplingTime-2\#ChannelRegularConversion=ADC_SAMPLETIME_92CYCLES_5
ADC2.SamplingTime-3\#ChannelRegularConversion=ADC_SAMPLETIME_92CYCLES_5
ADC3.Channel-0\#ChannelRegularConversion=ADC_CHANNEL_5
ADC3.Channel-1\#ChannelRegularConversion=ADC_CHANNEL_5
ADC3.CommonPathInternal=null|null|null|null
ADC3.ContinuousConvMode=DISABLE
ADC3.DMAContinuousRequests=ENABLE
ADC3.EOCSelection=ADC_EOC_SEQ_CONV
ADC3.ExternalTrigConv=ADC_EXTERNALTRIG_HRTIM_TRG1
ADC3.IPParameters=Rank-0\#ChannelRegularConversion,master,Channel-0\#ChannelRegularConversion,SamplingTime-0\#ChannelRegularConversion,OffsetNumber-0\#ChannelRegularConversion,NbrOfConversionFlag,Rank-1\#ChannelRegularConversion,Channel-1\#ChannelRegularConversion,SamplingTime-1\#ChannelRegularConversion,OffsetNumber-1\#ChannelRegularConversion,NbrOfConversion,OversamplingMode,RightBitShift,Ratio,ContinuousConvMode,DMAContinuousRequests,Overrun,ExternalTrigConv,EOCSelection,CommonPathInternal
ADC3.NbrOfConversion=2
ADC3.NbrOfConversionFlag=1
ADC3.OffsetNumber-0\#ChannelRegularConversion=ADC_OFFSET_NONE
ADC3.OffsetNumber-1\#ChannelRegularConversion=ADC_OFFSET_NONE
ADC3.Overrun=ADC_OVR_DATA_OVERWRITTEN
ADC3.OversamplingMode=ENABLE
ADC3.Rank-0\#ChannelRegularConversion=1
ADC3.Rank-1\#ChannelRegularConversion=2
ADC3.Ratio=ADC_OVERSAMPLING_RATIO_16
ADC3.RightBitShift=ADC_RIGHTBITSHIFT_NONE
ADC3.SamplingTime-0\#ChannelRegularConversion=ADC_SAMPLETIME_92CYCLES_5
ADC3.SamplingTime-1\#ChannelRegularConversion=ADC_SAMPLETIME_92CYCLES_5
ADC3.master=1
CAD.formats=
CAD.pinconfig=
CAD.provider=
Dma.ADC1.0.Direction=DMA_PERIPH_TO_MEMORY
Dma.ADC1.0.EventEnable=DISABLE
Dma.ADC1.0.Instance=DMA1_Channel1
Dma.ADC1.0.MemDataAlignment=DMA_MDATAALIGN_HALFWORD
Dma.ADC1.0.MemInc=DMA_MINC_ENABLE
Dma.ADC1.0.Mode=DMA_CIRCULAR
Dma.ADC1.0.PeriphDataAlignment=DMA_PDATAALIGN_HALFWORD
Dma.ADC1.0.PeriphInc=DMA_PINC_DISABLE
Dma.ADC1.0.Polarity=HAL_DMAMUX_REQ_GEN_RISING
Dma.ADC1.0.Priority=DMA_PRIORITY_VERY_HIGH
Dma.ADC1.0.RequestNumber=1
Dma.ADC1.0.RequestParameters=Instance,Direction,PeriphInc,MemInc,PeriphDataAlignment,MemDataAlignment,Mode,Priority,SignalID,Polarity,RequestNumber,SyncSignalID,SyncPolarity,SyncEnable,EventEnable,SyncRequestNumber
Dma.ADC1.0.SignalID=NONE
Dma.ADC1.0.SyncEnable=DISABLE
Dma.ADC1.0.SyncPolarity=HAL_DMAMUX_SYNC_NO_EVENT
Dma.ADC1.0.SyncRequestNumber=1
Dma.ADC1.0.SyncSignalID=NONE
Dma.ADC2.1.Direction=DMA_PERIPH_TO_MEMORY
Dma.ADC2.1.EventEnable=DISABLE
Dma.ADC2.1.Instance=DMA1_Channel2
Dma.ADC2.1.MemDataAlignment=DMA_MDATAALIGN_HALFWORD
Dma.ADC2.1.MemInc=DMA_MINC_ENABLE
Dma.ADC2.1.Mode=DMA_CIRCULAR
Dma.ADC2.1.PeriphDataAlignment=DMA_PDATAALIGN_HALFWORD
Dma.ADC2.1.PeriphInc=DMA_PINC_DISABLE
Dma.ADC2.1.Polarity=HAL_DMAMUX_REQ_GEN_RISING
Dma.ADC2.1.Priority=DMA_PRIORITY_VERY_HIGH
Dma.ADC2.1.RequestNumber=1
Dma.ADC2.1.RequestParameters=Instance,Direction,PeriphInc,MemInc,PeriphDataAlignment,MemDataAlignment,Mode,Priority,SignalID,Polarity,RequestNumber,SyncSignalID,SyncPolarity,SyncEnable,EventEnable,SyncRequestNumber
Dma.ADC2.1.SignalID=NONE
Dma.ADC2.1.SyncEnable=DISABLE
Dma.ADC2.1.SyncPolarity=HAL_DMAMUX_SYNC_NO_EVENT
Dma.ADC2.1.SyncRequestNumber=1
Dma.ADC2.1.SyncSignalID=NONE
Dma.ADC3.2.Direction=DMA_PERIPH_TO_MEMORY
Dma.ADC3.2.EventEnable=DISABLE
Dma.ADC3.2.Instance=DMA1_Channel3
Dma.ADC3.2.MemDataAlignment=DMA_MDATAALIGN_HALFWORD
Dma.ADC3.2.MemInc=DMA_MINC_ENABLE
Dma.ADC3.2.Mode=DMA_CIRCULAR
Dma.ADC3.2.PeriphDataAlignment=DMA_PDATAALIGN_HALFWORD
Dma.ADC3.2.PeriphInc=DMA_PINC_DISABLE
Dma.ADC3.2.Polarity=HAL_DMAMUX_REQ_GEN_RISING
Dma.ADC3.2.Priority=DMA_PRIORITY_VERY_HIGH
Dma.ADC3.2.RequestNumber=1
Dma.ADC3.2.RequestParameters=Instance,Direction,PeriphInc,MemInc,PeriphDataAlignment,MemDataAlignment,Mode,Priority,SignalID,Polarity,RequestNumber,SyncSignalID,SyncPolarity,SyncEnable,EventEnable,SyncRequestNumber
Dma.ADC3.2.SignalID=NONE
Dma.ADC3.2.SyncEnable=DISABLE
Dma.ADC3.2.SyncPolarity=HAL_DMAMUX_SYNC_NO_EVENT
Dma.ADC3.2.SyncRequestNumber=1
Dma.ADC3.2.SyncSignalID=NONE
Dma.LPUART1_RX.3.Direction=DMA_PERIPH_TO_MEMORY
Dma.LPUART1_RX.3.EventEnable=DISABLE
Dma.LPUART1_RX.3.Instance=DMA1_Channel6
Dma.LPUART1_RX.3.MemDataAlignment=DMA_MDATAALIGN_BYTE
Dma.LPUART1_RX.3.MemInc=DMA_MINC_ENABLE
Dma.LPUART1_RX.3.Mode=DMA_CIRCULAR
Dma.LPUART1_RX.3.PeriphDataAlignment=DMA_PDATAALIGN_BYTE
Dma.LPUART1_RX.3.PeriphInc=DMA_PINC_DISABLE
Dma.LPUART1_RX.3.Polarity=HAL_DMAMUX_REQ_GEN_RISING
Dma.LPUART1_RX.3.Priority=DMA_PRIORITY_HIGH
Dma.LPUART1_RX.3.RequestNumber=1
Dma.LPUART1_RX.3.RequestParameters=Instance,Direction,PeriphInc,MemInc,PeriphDataAlignment,MemDataAlignment,Mode,Priority,SignalID,Polarity,RequestNumber,SyncSignalID,SyncPolarity,SyncEnable,EventEnable,SyncRequestNumber
Dma.LPUART1_RX.3.SignalID=NONE
Dma.LPUART1_RX.3.SyncEnable=DISABLE
Dma.LPUART1_RX.3.SyncPolarity=HAL_DMAMUX_SYNC_NO_EVENT
Dma.LPUART1_RX.3.SyncRequestNumber=1
Dma.LPUART1_RX.3.SyncSignalID=NONE
Dma.Request0=ADC1
Dma.Request1=ADC2
Dma.Request2=ADC3
Dma.Request3=LPUART1_RX
Dma.RequestsNb=4
FDCAN1.AutoRetransmission=ENABLE
FDCAN1.CalculateBaudRateNominal=1000000
FDCAN1.CalculateTimeBitNominal=1000
FDCAN1.CalculateTimeQuantumNominal=100.0
FDCAN1.ClockDivider=FDCAN_CLOCK_DIV1
FDCAN1.DataPrescaler=17
FDCAN1.DataSyncJumpWidth=4
FDCAN1.DataTimeSeg1=6
FDCAN1.DataTimeSeg2=3
FDCAN1.IPParameters=CalculateTimeQuantumNominal,CalculateTimeBitNominal,CalculateBaudRateNominal,ClockDivider,NominalPrescaler,NominalTimeSeg1,NominalTimeSeg2,DataSyncJumpWidth,ProtocolException,StdFiltersNbr,DataPrescaler,DataTimeSeg1,DataTimeSeg2,NominalSyncJumpWidth,AutoRetransmission
FDCAN1.NominalPrescaler=17
FDCAN1.NominalSyncJumpWidth=4
FDCAN1.NominalTimeSeg1=6
FDCAN1.NominalTimeSeg2=3
FDCAN1.ProtocolException=ENABLE
FDCAN1.StdFiltersNbr=1
File.Version=6
GPIO.groupedBy=Group By Peripherals
HRTIM1.ADCTrigger1_Source1=HRTIM_ADCTRIGGEREVENT13_MASTER_PERIOD
HRTIM1.ADCTrigger3_Source1=HRTIM_ADCTRIGGEREVENT13_MASTER_CMP1
HRTIM1.ADCTrigger_Id1=HRTIM_ADCTRIGGER_1
HRTIM1.ADCTrigger_Id2=__NULL
HRTIM1.ADCTrigger_Id3=HRTIM_ADCTRIGGER_3
HRTIM1.ADCTrigger_Id5=__NULL
HRTIM1.BurstDMAconfig-MasterTimer=__NULL
HRTIM1.CompareUnit1-MasterTimer=HRTIM_COMPAREUNIT_1
HRTIM1.CompareUnit1-Output_TA1TA2=HRTIM_COMPAREUNIT_1
HRTIM1.CompareUnit1-Output_TD1TD2=HRTIM_COMPAREUNIT_1
HRTIM1.CompareUnit2-Output_TA1TA2=__NULL
HRTIM1.CompareUnit2-Output_TD1TD2=__NULL
HRTIM1.CompareUnit3-MasterTimer=__NULL
HRTIM1.CompareUnit3-Output_TA1TA2=HRTIM_COMPAREUNIT_3
HRTIM1.CompareUnit3-Output_TD1TD2=HRTIM_COMPAREUNIT_3
HRTIM1.CompareValue1-MasterTimer=13600
HRTIM1.CompareValue1-Output_TA1TA2=13600
HRTIM1.CompareValue1-Output_TD1TD2=13600
HRTIM1.CompareValue3-Output_TA1TA2=13600
HRTIM1.CompareValue3-Output_TD1TD2=13600
HRTIM1.DeadTimeInsertion-Output_TA1TA2=HRTIM_TIMDEADTIMEINSERTION_ENABLED
HRTIM1.DeadTimeInsertion-Output_TD1TD2=HRTIM_TIMDEADTIMEINSERTION_ENABLED
HRTIM1.Deadtimeconfig-Output_TD1TD2=HRTIM_TIMERINDEX_TIMER_D
HRTIM1.Enable=HRTIM_BURSTMODECTL_DISABLED
HRTIM1.FallingValue-Output_TA1TA2=50
HRTIM1.FallingValue-Output_TD1TD2=50
HRTIM1.HRTIMInterruptResquests1=HRTIM_IT_NONE
HRTIM1.IPParameters=NumberDMARequests_TA,NumberDMARequests_TD,Periode_MASTER,ADCTrigger_Id1,Timeout,HRTIMInterruptResquests1,RepetitionCounter-MasterTimer,Periode_TA,Periode_TD,PreloadEnable-MasterTimer,RepetitionUpdate-MasterTimer,NumberInterruptRequests_Master-MasterTimer,InterruptRequests1_Master,CompareUnit3-MasterTimer,UpDownMode-Output_TA1TA2,RepetitionUpdate-Output_TA1TA2,PreloadEnable-Output_TA1TA2,DeadTimeInsertion-Output_TA1TA2,NumberUpdateTrigger-Output_TA1TA2,UpdateTrigger1-Output_TA1TA2,ResetUpdate-Output_TA1TA2,NumberResetTrigger-Output_TA1TA2,ResetTrigger1-Output_TA1TA2,CompareUnit1-Output_TA1TA2,CompareUnit2-Output_TA1TA2,CompareUnit3-Output_TA1TA2,RisingValue-Output_TA1TA2,FallingValue-Output_TA1TA2,NumberSetSource1-Output_TA1TA2,NumberResetSource1-Output_TA1TA2,SetOutput1_Source1-Output_TA1TA2,ResetOutput1_Source1-Output_TA1TA2,UpDownMode-Output_TD1TD2,PreloadEnable-Output_TD1TD2,RepetitionUpdate-Output_TD1TD2,NumberUpdateTrigger-Output_TD1TD2,NumberResetTrigger-Output_TD1TD2,UpdateTrigger1-Output_TD1TD2,ResetTrigger1-Output_TD1TD2,CompareUnit1-Output_TD1TD2,CompareUnit2-Output_TD1TD2,CompareUnit3-Output_TD1TD2,NumberSetSource1-Output_TD1TD2,NumberResetSource1-Output_TD1TD2,Deadtimeconfig-Output_TD1TD2,RisingValue-Output_TD1TD2,FallingValue-Output_TD1TD2,SetOutput1_Source1-Output_TD1TD2,ResetOutput1_Source1-Output_TD1TD2,DeadTimeInsertion-Output_TD1TD2,Enable,NumberADCTriggerSource1,CompareUnit1-MasterTimer,BurstDMAconfig-MasterTimer,ADCTrigger1_Source1,ADCTrigger_Id2,postscaler1,ADCTrigger_Id3,NumberADCTriggerSource3,CompareValue1-MasterTimer,ADCTrigger3_Source1,postscaler3,CompareValue1-Output_TD1TD2,CompareValue3-Output_TD1TD2,CompareValue3-Output_TA1TA2,CompareValue1-Output_TA1TA2,ADCTrigger_Id5
HRTIM1.InterruptRequests1_Master=HRTIM_MASTER_IT_MREP
HRTIM1.NumberADCTriggerSource1=1
HRTIM1.NumberADCTriggerSource3=1
HRTIM1.NumberDMARequests_TA=0
HRTIM1.NumberDMARequests_TD=0
HRTIM1.NumberInterruptRequests_Master-MasterTimer=1
HRTIM1.NumberResetSource1-Output_TA1TA2=1
HRTIM1.NumberResetSource1-Output_TD1TD2=1
HRTIM1.NumberResetTrigger-Output_TA1TA2=1
HRTIM1.NumberResetTrigger-Output_TD1TD2=1
HRTIM1.NumberSetSource1-Output_TA1TA2=1
HRTIM1.NumberSetSource1-Output_TD1TD2=1
HRTIM1.NumberUpdateTrigger-Output_TA1TA2=1
HRTIM1.NumberUpdateTrigger-Output_TD1TD2=1
HRTIM1.Periode_MASTER=27200
HRTIM1.Periode_TA=27200
HRTIM1.Periode_TD=27200
HRTIM1.PreloadEnable-MasterTimer=HRTIM_PRELOAD_ENABLED
HRTIM1.PreloadEnable-Output_TA1TA2=HRTIM_PRELOAD_ENABLED
HRTIM1.PreloadEnable-Output_TD1TD2=HRTIM_PRELOAD_ENABLED
HRTIM1.RepetitionCounter-MasterTimer=10
HRTIM1.RepetitionUpdate-MasterTimer=HRTIM_UPDATEONREPETITION_ENABLED
HRTIM1.RepetitionUpdate-Output_TA1TA2=HRTIM_UPDATEONREPETITION_ENABLED
HRTIM1.RepetitionUpdate-Output_TD1TD2=HRTIM_UPDATEONREPETITION_ENABLED
HRTIM1.ResetOutput1_Source1-Output_TA1TA2=HRTIM_OUTPUTRESET_TIMCMP3
HRTIM1.ResetOutput1_Source1-Output_TD1TD2=HRTIM_OUTPUTRESET_TIMCMP3
HRTIM1.ResetTrigger1-Output_TA1TA2=HRTIM_TIMRESETTRIGGER_MASTER_PER
HRTIM1.ResetTrigger1-Output_TD1TD2=HRTIM_TIMRESETTRIGGER_MASTER_PER
HRTIM1.ResetUpdate-Output_TA1TA2=HRTIM_TIMUPDATEONRESET_ENABLED
HRTIM1.RisingValue-Output_TA1TA2=50
HRTIM1.RisingValue-Output_TD1TD2=50
HRTIM1.SetOutput1_Source1-Output_TA1TA2=HRTIM_OUTPUTSET_TIMCMP1
HRTIM1.SetOutput1_Source1-Output_TD1TD2=HRTIM_OUTPUTSET_TIMCMP1
HRTIM1.Timeout=100
HRTIM1.UpDownMode-Output_TA1TA2=HRTIM_TIMERUPDOWNMODE_UP
HRTIM1.UpDownMode-Output_TD1TD2=HRTIM_TIMERUPDOWNMODE_UP
HRTIM1.UpdateTrigger1-Output_TA1TA2=HRTIM_TIMUPDATETRIGGER_MASTER
HRTIM1.UpdateTrigger1-Output_TD1TD2=HRTIM_TIMUPDATETRIGGER_MASTER
HRTIM1.postscaler1=10-1
HRTIM1.postscaler3=10-1
KeepUserPlacement=false
Mcu.CPN=STM32G474CBT6TR
Mcu.Family=STM32G4
Mcu.IP0=ADC1
Mcu.IP1=ADC2
Mcu.IP10=TIM6
Mcu.IP11=TIM16
Mcu.IP2=ADC3
Mcu.IP3=DMA
Mcu.IP4=FDCAN1
Mcu.IP5=HRTIM1
Mcu.IP6=LPUART1
Mcu.IP7=NVIC
Mcu.IP8=RCC
Mcu.IP9=SYS
Mcu.IPNb=12
Mcu.Name=STM32G474C(B-C-E)Tx
Mcu.Package=LQFP48
Mcu.Pin0=PC13
Mcu.Pin1=PF0-OSC_IN
Mcu.Pin10=PB15
Mcu.Pin11=PA8
Mcu.Pin12=PA9
Mcu.Pin13=PA11
Mcu.Pin14=PA12
Mcu.Pin15=PA13
Mcu.Pin16=PA14
Mcu.Pin17=VP_HRTIM1_VS_hrtimMasterTimerNoOutput
Mcu.Pin18=VP_SYS_VS_Systick
Mcu.Pin19=VP_SYS_VS_DBSignals
Mcu.Pin2=PF1-OSC_OUT
Mcu.Pin20=VP_TIM6_VS_ClockSourceINT
Mcu.Pin21=VP_TIM16_VS_ClockSourceINT
Mcu.Pin22=VP_STMicroelectronics.X-CUBE-ALGOBUILD_VS_DSPOoLibraryJjLibrary_1.4.0_1.4.0
Mcu.Pin3=PA2
Mcu.Pin4=PA3
Mcu.Pin5=PA5
Mcu.Pin6=PB2
Mcu.Pin7=PB12
Mcu.Pin8=PB13
Mcu.Pin9=PB14
Mcu.PinsNb=23
Mcu.ThirdParty0=STMicroelectronics.X-CUBE-ALGOBUILD.1.4.0
Mcu.ThirdPartyNb=1
Mcu.UserConstants=
Mcu.UserName=STM32G474CBTx
MxCube.Version=6.14.0
MxDb.Version=DB.6.0.140
NVIC.ADC1_2_IRQn=true\:3\:0\:true\:false\:true\:true\:true\:true
NVIC.ADC3_IRQn=true\:3\:0\:true\:false\:true\:true\:true\:true
NVIC.BusFault_IRQn=true\:0\:0\:false\:false\:true\:false\:false\:false
NVIC.DMA1_Channel1_IRQn=true\:0\:0\:false\:false\:true\:false\:true\:true
NVIC.DMA1_Channel2_IRQn=true\:0\:0\:false\:false\:true\:false\:true\:true
NVIC.DMA1_Channel3_IRQn=true\:0\:0\:false\:false\:true\:false\:true\:true
NVIC.DMA1_Channel6_IRQn=true\:0\:0\:false\:false\:true\:false\:true\:true
NVIC.DebugMonitor_IRQn=true\:0\:0\:false\:false\:true\:false\:false\:false
NVIC.FDCAN1_IT0_IRQn=true\:2\:0\:true\:false\:true\:true\:true\:true
NVIC.ForceEnableDMAVector=true
NVIC.HRTIM1_Master_IRQn=true\:2\:0\:true\:false\:true\:true\:true\:true
NVIC.HardFault_IRQn=true\:0\:0\:false\:false\:true\:false\:false\:false
NVIC.LPUART1_IRQn=true\:3\:0\:true\:false\:true\:true\:true\:true
NVIC.MemoryManagement_IRQn=true\:0\:0\:false\:false\:true\:false\:false\:false
NVIC.NonMaskableInt_IRQn=true\:0\:0\:false\:false\:true\:false\:false\:false
NVIC.PendSV_IRQn=true\:0\:0\:false\:false\:true\:false\:false\:false
NVIC.PriorityGroup=NVIC_PRIORITYGROUP_4
NVIC.SVCall_IRQn=true\:0\:0\:false\:false\:true\:false\:false\:false
NVIC.SysTick_IRQn=true\:15\:0\:false\:false\:true\:false\:true\:false
NVIC.TIM1_UP_TIM16_IRQn=true\:1\:0\:true\:false\:true\:true\:true\:true
NVIC.TIM6_DAC_IRQn=true\:1\:0\:true\:false\:true\:true\:true\:true
NVIC.UsageFault_IRQn=true\:0\:0\:false\:false\:true\:false\:false\:false
PA11.GPIOParameters=GPIO_Label
PA11.GPIO_Label=CAN_RX
PA11.Locked=true
PA11.Mode=FDCAN_Activate
PA11.Signal=FDCAN1_RX
PA12.GPIOParameters=GPIO_PuPd,GPIO_Label
PA12.GPIO_Label=CAN_TX
PA12.GPIO_PuPd=GPIO_NOPULL
PA12.Locked=true
PA12.Mode=FDCAN_Activate
PA12.Signal=FDCAN1_TX
PA13.GPIOParameters=GPIO_Label
PA13.GPIO_Label=SWDIO
PA13.Mode=Serial_Wire
PA13.Signal=SYS_JTMS-SWDIO
PA14.GPIOParameters=GPIO_Label
PA14.GPIO_Label=SWCLK
PA14.Mode=Serial_Wire
PA14.Signal=SYS_JTCK-SWCLK
PA2.GPIOParameters=GPIO_Label
PA2.GPIO_Label=UART_TX
PA2.Locked=true
PA2.Mode=Asynchronous
PA2.Signal=LPUART1_TX
PA3.GPIOParameters=GPIO_Label
PA3.GPIO_Label=UART_RX
PA3.Locked=true
PA3.Mode=Asynchronous
PA3.Signal=LPUART1_RX
PA5.GPIOParameters=GPIO_Label
PA5.GPIO_Label=ADC_V_CAP
PA5.Locked=true
PA5.Mode=IN13-Single-Ended
PA5.Signal=ADC2_IN13
PA8.GPIOParameters=GPIO_PuPd,GPIO_Label
PA8.GPIO_Label=MOTOR_L
PA8.GPIO_PuPd=GPIO_PULLDOWN
PA8.Mode=Output_TA1TA2
PA8.Signal=HRTIM1_CHA1
PA9.GPIOParameters=GPIO_PuPd,GPIO_Label
PA9.GPIO_Label=MOTOR_H
PA9.GPIO_PuPd=GPIO_PULLDOWN
PA9.Mode=Output_TA1TA2
PA9.Signal=HRTIM1_CHA2
PB12.GPIOParameters=GPIO_Label
PB12.GPIO_Label=ADC_I_CHASSIS
PB12.Locked=true
PB12.Mode=IN11-Single-Ended
PB12.Signal=ADC1_IN11
PB13.GPIOParameters=GPIO_Label
PB13.GPIO_Label=ADC_V_MOTOR
PB13.Locked=true
PB13.Mode=IN5-Single-Ended
PB13.Signal=ADC3_IN5
PB14.GPIOParameters=GPIO_PuPd,GPIO_Label
PB14.GPIO_Label=CAP_L
PB14.GPIO_PuPd=GPIO_PULLDOWN
PB14.Locked=true
PB14.Mode=Output_TD1TD2
PB14.Signal=HRTIM1_CHD1
PB15.GPIOParameters=GPIO_PuPd,GPIO_Label
PB15.GPIO_Label=CAP_H
PB15.GPIO_PuPd=GPIO_PULLDOWN
PB15.Locked=true
PB15.Mode=Output_TD1TD2
PB15.Signal=HRTIM1_CHD2
PB2.GPIOParameters=GPIO_Label
PB2.GPIO_Label=ADC_I_CAP
PB2.Locked=true
PB2.Mode=IN12-Single-Ended
PB2.Signal=ADC2_IN12
PC13.GPIOParameters=PinState,GPIO_PuPd,GPIO_Label
PC13.GPIO_Label=USR_LED
PC13.GPIO_PuPd=GPIO_PULLUP
PC13.Locked=true
PC13.PinState=GPIO_PIN_SET
PC13.Signal=GPIO_Output
PF0-OSC_IN.GPIOParameters=GPIO_Label
PF0-OSC_IN.GPIO_Label=OSC_IN
PF0-OSC_IN.Mode=HSE-External-Oscillator
PF0-OSC_IN.Signal=RCC_OSC_IN
PF1-OSC_OUT.GPIOParameters=GPIO_Label
PF1-OSC_OUT.GPIO_Label=OSC_OUT
PF1-OSC_OUT.Mode=HSE-External-Oscillator
PF1-OSC_OUT.Signal=RCC_OSC_OUT
PinOutPanel.RotationAngle=0
ProjectManager.AskForMigrate=true
ProjectManager.BackupPrevious=false
ProjectManager.CompilerLinker=GCC
ProjectManager.CompilerOptimize=6
ProjectManager.ComputerToolchain=false
ProjectManager.CoupleFile=true
ProjectManager.CustomerFirmwarePackage=
ProjectManager.DefaultFWLocation=true
ProjectManager.DeletePrevious=true
ProjectManager.DeviceId=STM32G474CBTx
ProjectManager.FirmwarePackage=STM32Cube FW_G4 V1.6.1
ProjectManager.FreePins=false
ProjectManager.HalAssertFull=false
ProjectManager.HeapSize=0x2000
ProjectManager.KeepUserCode=true
ProjectManager.LastFirmware=true
ProjectManager.LibraryCopy=1
ProjectManager.MainLocation=Core/Src
ProjectManager.NoMain=false
ProjectManager.PreviousToolchain=STM32CubeIDE
ProjectManager.ProjectBuild=false
ProjectManager.ProjectFileName=fsbb.ioc
ProjectManager.ProjectName=fsbb
ProjectManager.ProjectStructure=
ProjectManager.RegisterCallBack=
ProjectManager.StackSize=0x4000
ProjectManager.TargetToolchain=STM32CubeIDE
ProjectManager.ToolChainLocation=
ProjectManager.UAScriptAfterPath=
ProjectManager.UAScriptBeforePath=
ProjectManager.UnderRoot=true
ProjectManager.functionlistsort=1-SystemClock_Config-RCC-false-HAL-false,2-MX_GPIO_Init-GPIO-false-HAL-true,3-MX_DMA_Init-DMA-false-HAL-true,4-MX_ADC1_Init-ADC1-false-HAL-true,5-MX_ADC2_Init-ADC2-false-HAL-true,6-MX_ADC3_Init-ADC3-false-HAL-true,7-MX_FDCAN1_Init-FDCAN1-false-HAL-true,8-MX_HRTIM1_Init-HRTIM1-false-HAL-true,9-MX_LPUART1_UART_Init-LPUART1-false-HAL-true,10-MX_TIM6_Init-TIM6-false-HAL-true,11-MX_TIM16_Init-TIM16-false-HAL-true
RCC.ADC12Freq_Value=170000000
RCC.ADC345Freq_Value=170000000
RCC.AHBFreq_Value=170000000
RCC.APB1Freq_Value=170000000
RCC.APB1TimFreq_Value=170000000
RCC.APB2CLKDivider=RCC_HCLK_DIV2
RCC.APB2Freq_Value=85000000
RCC.APB2TimFreq_Value=170000000
RCC.CRSFreq_Value=48000000
RCC.CortexFreq_Value=170000000
RCC.EXTERNAL_CLOCK_VALUE=12288000
RCC.FCLKCortexFreq_Value=170000000
RCC.FDCANFreq_Value=170000000
RCC.FamilyName=M
RCC.HCLKFreq_Value=170000000
RCC.HSE_VALUE=12000000
RCC.HSI48_VALUE=48000000
RCC.HSI_VALUE=16000000
RCC.I2C1Freq_Value=170000000
RCC.I2C2Freq_Value=170000000
RCC.I2C3Freq_Value=170000000
RCC.I2C4Freq_Value=170000000
RCC.I2SFreq_Value=170000000
RCC.IPParameters=ADC12Freq_Value,ADC345Freq_Value,AHBFreq_Value,APB1Freq_Value,APB1TimFreq_Value,APB2CLKDivider,APB2Freq_Value,APB2TimFreq_Value,CRSFreq_Value,CortexFreq_Value,EXTERNAL_CLOCK_VALUE,FCLKCortexFreq_Value,FDCANFreq_Value,FamilyName,HCLKFreq_Value,HSE_VALUE,HSI48_VALUE,HSI_VALUE,I2C1Freq_Value,I2C2Freq_Value,I2C3Freq_Value,I2C4Freq_Value,I2SFreq_Value,LPTIM1Freq_Value,LPUART1Freq_Value,LSCOPinFreq_Value,LSE_VALUE,LSI_VALUE,MCO1PinFreq_Value,PLLM,PLLN,PLLPoutputFreq_Value,PLLQoutputFreq_Value,PLLRCLKFreq_Value,PLLSourceVirtual,PWRFreq_Value,QSPIFreq_Value,RNGFreq_Value,SAI1Freq_Value,SYSCLKFreq_VALUE,SYSCLKSource,USART1Freq_Value,USART2Freq_Value,USART3Freq_Value,USBFreq_Value,VCOInputFreq_Value,VCOOutputFreq_Value
RCC.LPTIM1Freq_Value=170000000
RCC.LPUART1Freq_Value=170000000
RCC.LSCOPinFreq_Value=32000
RCC.LSE_VALUE=32768
RCC.LSI_VALUE=32000
RCC.MCO1PinFreq_Value=16000000
RCC.PLLM=RCC_PLLM_DIV3
RCC.PLLN=85
RCC.PLLPoutputFreq_Value=170000000
RCC.PLLQoutputFreq_Value=170000000
RCC.PLLRCLKFreq_Value=170000000
RCC.PLLSourceVirtual=RCC_PLLSOURCE_HSE
RCC.PWRFreq_Value=170000000
RCC.QSPIFreq_Value=170000000
RCC.RNGFreq_Value=170000000
RCC.SAI1Freq_Value=170000000
RCC.SYSCLKFreq_VALUE=170000000
RCC.SYSCLKSource=RCC_SYSCLKSOURCE_PLLCLK
RCC.USART1Freq_Value=85000000
RCC.USART2Freq_Value=170000000
RCC.USART3Freq_Value=170000000
RCC.USBFreq_Value=170000000
RCC.VCOInputFreq_Value=4000000
RCC.VCOOutputFreq_Value=340000000
STMicroelectronics.X-CUBE-ALGOBUILD.1.4.0.DSPOoLibraryJjLibrary_Checked=true
STMicroelectronics.X-CUBE-ALGOBUILD.1.4.0.IPParameters=LibraryCcDSPOoLibraryJjDSPOoLibrary
STMicroelectronics.X-CUBE-ALGOBUILD.1.4.0.LibraryCcDSPOoLibraryJjDSPOoLibrary=true
STMicroelectronics.X-CUBE-ALGOBUILD.1.4.0_SwParameter=LibraryCcDSPOoLibraryJjDSPOoLibrary\:true;
TIM16.AutoReloadPreload=TIM_AUTORELOAD_PRELOAD_ENABLE
TIM16.IPParameters=AutoReloadPreload,Prescaler,PeriodNoDither
TIM16.PeriodNoDither=2000-1
TIM16.Prescaler=170
TIM6.AutoReloadPreload=TIM_AUTORELOAD_PRELOAD_ENABLE
TIM6.Dithering=Disable
TIM6.IPParameters=Prescaler,PeriodNoDither,AutoReloadPreload,Dithering
TIM6.PeriodNoDither=50-1
TIM6.Prescaler=170
VP_HRTIM1_VS_hrtimMasterTimerNoOutput.Mode=MasterTimer
VP_HRTIM1_VS_hrtimMasterTimerNoOutput.Signal=HRTIM1_VS_hrtimMasterTimerNoOutput
VP_STMicroelectronics.X-CUBE-ALGOBUILD_VS_DSPOoLibraryJjLibrary_1.4.0_1.4.0.Mode=DSPOoLibraryJjLibrary
VP_STMicroelectronics.X-CUBE-ALGOBUILD_VS_DSPOoLibraryJjLibrary_1.4.0_1.4.0.Signal=STMicroelectronics.X-CUBE-ALGOBUILD_VS_DSPOoLibraryJjLibrary_1.4.0_1.4.0
VP_SYS_VS_DBSignals.Mode=DisableDeadBatterySignals
VP_SYS_VS_DBSignals.Signal=SYS_VS_DBSignals
VP_SYS_VS_Systick.Mode=SysTick
VP_SYS_VS_Systick.Signal=SYS_VS_Systick
VP_TIM16_VS_ClockSourceINT.Mode=Enable_Timer
VP_TIM16_VS_ClockSourceINT.Signal=TIM16_VS_ClockSourceINT
VP_TIM6_VS_ClockSourceINT.Mode=Enable_Timer
VP_TIM6_VS_ClockSourceINT.Signal=TIM6_VS_ClockSourceINT
board=custom
